
Microsoft Visual Studio Solution File, Format Version 12.00
# Visual Studio Version 16
VisualStudioVersion = 16.0.29613.14
MinimumVisualStudioVersion = 10.0.40219.1
Project("{FAE04EC0-301F-11D3-BF4B-00C04F79EFBC}") = "SB.Web", "SB.Web\SB.Web.csproj", "{201E3155-4002-4FA0-A473-5C53656919D0}"
EndProject
Global
	GlobalSection(SolutionConfigurationPlatforms) = preSolution
		Debug|Any CPU = Debug|Any CPU
		Release|Any CPU = Release|Any CPU
	EndGlobalSection
	GlobalSection(ProjectConfigurationPlatforms) = postSolution
		{201E3155-4002-4FA0-A473-5C53656919D0}.Debug|Any CPU.ActiveCfg = Debug|Any CPU
		{201E3155-4002-4FA0-A473-5C53656919D0}.Debug|Any CPU.Build.0 = Debug|Any CPU
		{201E3155-4002-4FA0-A473-5C53656919D0}.Release|Any CPU.ActiveCfg = Release|Any CPU
		{201E3155-4002-4FA0-A473-5C53656919D0}.Release|Any CPU.Build.0 = Release|Any CPU
	EndGlobalSection
	GlobalSection(SolutionProperties) = preSolution
		HideSolutionNode = FALSE
	EndGlobalSection
	GlobalSection(ExtensibilityGlobals) = postSolution
		SolutionGuid = {6DBA3E2B-A784-4FE4-A3A1-6DAF69F8A97F}
	EndGlobalSection
EndGlobal
